
Microsoft Visual Studio Solution File, Format Version 12.00
# Visual Studio Version 17
VisualStudioVersion = 17.9.34714.143
MinimumVisualStudioVersion = 10.0.40219.1
Project("{9A19103F-16F7-4668-BE54-9A1E7A4F7556}") = "NetworkApplicationDevelopmentServer", "NetworkApplicationDevelopmentServer.csproj", "{B1EBFDEC-BFB1-48F7-97F0-32F427DDC706}"
EndProject
Project("{9A19103F-16F7-4668-BE54-9A1E7A4F7556}") = "NetworkApplicationDevelopmentClient", "..\NetworkApplicationDevelopmentClient\NetworkApplicationDevelopmentClient.csproj", "{FD852D1E-F19E-46A7-A9AF-5E2A2BB6C5F8}"
EndProject
Global
	GlobalSection(SolutionConfigurationPlatforms) = preSolution
		Debug|Any CPU = Debug|Any CPU
		Release|Any CPU = Release|Any CPU
	EndGlobalSection
	GlobalSection(ProjectConfigurationPlatforms) = postSolution
		{B1EBFDEC-BFB1-48F7-97F0-32F427DDC706}.Debug|Any CPU.ActiveCfg = Debug|Any CPU
		{B1EBFDEC-BFB1-48F7-97F0-32F427DDC706}.Debug|Any CPU.Build.0 = Debug|Any CPU
		{B1EBFDEC-BFB1-48F7-97F0-32F427DDC706}.Release|Any CPU.ActiveCfg = Release|Any CPU
		{B1EBFDEC-BFB1-48F7-97F0-32F427DDC706}.Release|Any CPU.Build.0 = Release|Any CPU
		{FD852D1E-F19E-46A7-A9AF-5E2A2BB6C5F8}.Debug|Any CPU.ActiveCfg = Debug|Any CPU
		{FD852D1E-F19E-46A7-A9AF-5E2A2BB6C5F8}.Debug|Any CPU.Build.0 = Debug|Any CPU
		{FD852D1E-F19E-46A7-A9AF-5E2A2BB6C5F8}.Release|Any CPU.ActiveCfg = Release|Any CPU
		{FD852D1E-F19E-46A7-A9AF-5E2A2BB6C5F8}.Release|Any CPU.Build.0 = Release|Any CPU
	EndGlobalSection
	GlobalSection(SolutionProperties) = preSolution
		HideSolutionNode = FALSE
	EndGlobalSection
	GlobalSection(ExtensibilityGlobals) = postSolution
		SolutionGuid = {C4B66382-3714-4675-9134-DE2C62F44DA9}
	EndGlobalSection
EndGlobal
